
Microsoft Visual Studio Solution File, Format Version 12.00
# Visual Studio Version 16
VisualStudioVersion = 16.0.29306.81
MinimumVisualStudioVersion = 10.0.40219.1
Project("{FAE04EC0-301F-11D3-BF4B-00C04F79EFBC}") = "AppDeneme", "AppDeneme.csproj", "{9F8E315B-1B38-43E7-9A61-3E7F47E9D05F}"
EndProject
Global
	GlobalSection(SolutionConfigurationPlatforms) = preSolution
		Debug|Any CPU = Debug|Any CPU
		Release|Any CPU = Release|Any CPU
	EndGlobalSection
	GlobalSection(ProjectConfigurationPlatforms) = postSolution
		{9F8E315B-1B38-43E7-9A61-3E7F47E9D05F}.Debug|Any CPU.ActiveCfg = Debug|Any CPU
		{9F8E315B-1B38-43E7-9A61-3E7F47E9D05F}.Debug|Any CPU.Build.0 = Debug|Any CPU
		{9F8E315B-1B38-43E7-9A61-3E7F47E9D05F}.Release|Any CPU.ActiveCfg = Release|Any CPU
		{9F8E315B-1B38-43E7-9A61-3E7F47E9D05F}.Release|Any CPU.Build.0 = Release|Any CPU
	EndGlobalSection
	GlobalSection(SolutionProperties) = preSolution
		HideSolutionNode = FALSE
	EndGlobalSection
	GlobalSection(ExtensibilityGlobals) = postSolution
		SolutionGuid = {0D1D9924-3FE9-4DB9-B5DE-9D1405F63EE1}
	EndGlobalSection
EndGlobal
